
Microsoft Visual Studio Solution File, Format Version 12.00
# Visual Studio Version 17
VisualStudioVersion = 17.4.33110.190
MinimumVisualStudioVersion = 10.0.40219.1
Project("{FAE04EC0-301F-11D3-BF4B-00C04F79EFBC}") = "Power of valune N", "Power of valune N.csproj", "{DDAD6870-F486-49DB-BAC8-3627ED3A048E}"
EndProject
Global
	GlobalSection(SolutionConfigurationPlatforms) = preSolution
		Debug|Any CPU = Debug|Any CPU
		Release|Any CPU = Release|Any CPU
	EndGlobalSection
	GlobalSection(ProjectConfigurationPlatforms) = postSolution
		{DDAD6870-F486-49DB-BAC8-3627ED3A048E}.Debug|Any CPU.ActiveCfg = Debug|Any CPU
		{DDAD6870-F486-49DB-BAC8-3627ED3A048E}.Debug|Any CPU.Build.0 = Debug|Any CPU
		{DDAD6870-F486-49DB-BAC8-3627ED3A048E}.Release|Any CPU.ActiveCfg = Release|Any CPU
		{DDAD6870-F486-49DB-BAC8-3627ED3A048E}.Release|Any CPU.Build.0 = Release|Any CPU
	EndGlobalSection
	GlobalSection(SolutionProperties) = preSolution
		HideSolutionNode = FALSE
	EndGlobalSection
	GlobalSection(ExtensibilityGlobals) = postSolution
		SolutionGuid = {5129B391-8CE4-4E93-93A0-9E7152E004D0}
	EndGlobalSection
EndGlobal
