
Microsoft Visual Studio Solution File, Format Version 12.00
# Visual Studio Version 17
VisualStudioVersion = 17.4.33110.190
MinimumVisualStudioVersion = 10.0.40219.1
Project("{FAE04EC0-301F-11D3-BF4B-00C04F79EFBC}") = "Check  Number is Even or Odd", "Check  Number is Even or Odd.csproj", "{39B4DB1F-ED06-428A-BD60-2E5C827F054B}"
EndProject
Global
	GlobalSection(SolutionConfigurationPlatforms) = preSolution
		Debug|Any CPU = Debug|Any CPU
		Release|Any CPU = Release|Any CPU
	EndGlobalSection
	GlobalSection(ProjectConfigurationPlatforms) = postSolution
		{39B4DB1F-ED06-428A-BD60-2E5C827F054B}.Debug|Any CPU.ActiveCfg = Debug|Any CPU
		{39B4DB1F-ED06-428A-BD60-2E5C827F054B}.Debug|Any CPU.Build.0 = Debug|Any CPU
		{39B4DB1F-ED06-428A-BD60-2E5C827F054B}.Release|Any CPU.ActiveCfg = Release|Any CPU
		{39B4DB1F-ED06-428A-BD60-2E5C827F054B}.Release|Any CPU.Build.0 = Release|Any CPU
	EndGlobalSection
	GlobalSection(SolutionProperties) = preSolution
		HideSolutionNode = FALSE
	EndGlobalSection
	GlobalSection(ExtensibilityGlobals) = postSolution
		SolutionGuid = {FF37BD58-7A04-459A-B8D4-A028CC2F810B}
	EndGlobalSection
EndGlobal
