
Microsoft Visual Studio Solution File, Format Version 12.00
# Visual Studio Version 17
VisualStudioVersion = 17.4.33110.190
MinimumVisualStudioVersion = 10.0.40219.1
Project("{FAE04EC0-301F-11D3-BF4B-00C04F79EFBC}") = "Flip Coin and print percentage of Heads and Tails", "Flip Coin and print percentage of Heads and Tails.csproj", "{14A142C9-101D-4560-9F47-BE2EF47AFBE4}"
EndProject
Global
	GlobalSection(SolutionConfigurationPlatforms) = preSolution
		Debug|Any CPU = Debug|Any CPU
		Release|Any CPU = Release|Any CPU
	EndGlobalSection
	GlobalSection(ProjectConfigurationPlatforms) = postSolution
		{14A142C9-101D-4560-9F47-BE2EF47AFBE4}.Debug|Any CPU.ActiveCfg = Debug|Any CPU
		{14A142C9-101D-4560-9F47-BE2EF47AFBE4}.Debug|Any CPU.Build.0 = Debug|Any CPU
		{14A142C9-101D-4560-9F47-BE2EF47AFBE4}.Release|Any CPU.ActiveCfg = Release|Any CPU
		{14A142C9-101D-4560-9F47-BE2EF47AFBE4}.Release|Any CPU.Build.0 = Release|Any CPU
	EndGlobalSection
	GlobalSection(SolutionProperties) = preSolution
		HideSolutionNode = FALSE
	EndGlobalSection
	GlobalSection(ExtensibilityGlobals) = postSolution
		SolutionGuid = {1B5CEC21-D36E-4277-8F69-C53058B5C23A}
	EndGlobalSection
EndGlobal
