
Microsoft Visual Studio Solution File, Format Version 12.00
# Visual Studio Version 17
VisualStudioVersion = 17.4.33110.190
MinimumVisualStudioVersion = 10.0.40219.1
Project("{FAE04EC0-301F-11D3-BF4B-00C04F79EFBC}") = "Check Leap Year", "Check Leap Year.csproj", "{8A64C6DB-7815-46CB-B43C-6579C8993BC5}"
EndProject
Global
	GlobalSection(SolutionConfigurationPlatforms) = preSolution
		Debug|Any CPU = Debug|Any CPU
		Release|Any CPU = Release|Any CPU
	EndGlobalSection
	GlobalSection(ProjectConfigurationPlatforms) = postSolution
		{8A64C6DB-7815-46CB-B43C-6579C8993BC5}.Debug|Any CPU.ActiveCfg = Debug|Any CPU
		{8A64C6DB-7815-46CB-B43C-6579C8993BC5}.Debug|Any CPU.Build.0 = Debug|Any CPU
		{8A64C6DB-7815-46CB-B43C-6579C8993BC5}.Release|Any CPU.ActiveCfg = Release|Any CPU
		{8A64C6DB-7815-46CB-B43C-6579C8993BC5}.Release|Any CPU.Build.0 = Release|Any CPU
	EndGlobalSection
	GlobalSection(SolutionProperties) = preSolution
		HideSolutionNode = FALSE
	EndGlobalSection
	GlobalSection(ExtensibilityGlobals) = postSolution
		SolutionGuid = {8E66188F-E45F-46B3-9EC3-9A2DAFFE356F}
	EndGlobalSection
EndGlobal
